Microsoft Visual Studio Solution File, Format Version 12.00
# Visual Studio Version 17
VisualStudioVersion = 17.0.31903.59
MinimumVisualStudioVersion = 10.0.40219.1
Project("{FAE04EC0-301F-11D3-BF4B-00C04F79EFBC}") = "CareerProof.Api", "src\CareerProof.Api\CareerProof.Api.csproj", "{6B59D192-82C6-4627-9AEC-7F73C4667274}"
EndProject
Project("{FAE04EC0-301F-11D3-BF4B-00C04F79EFBC}") = "CareerProof.UnitTests", "tests\CareerProof.UnitTests\CareerProof.UnitTests.csproj", "{A2F9E047-7397-4A1A-B5F3-224D84F64D92}"
EndProject
Global
    GlobalSection(SolutionConfigurationPlatforms) = preSolution
        Debug|Any CPU = Debug|Any CPU
        Release|Any CPU = Release|Any CPU
    EndGlobalSection
    GlobalSection(ProjectConfigurationPlatforms) = postSolution
        {6B59D192-82C6-4627-9AEC-7F73C4667274}.Debug|Any CPU.ActiveCfg = Debug|Any CPU
        {6B59D192-82C6-4627-9AEC-7F73C4667274}.Debug|Any CPU.Build.0 = Debug|Any CPU
        {6B59D192-82C6-4627-9AEC-7F73C4667274}.Release|Any CPU.ActiveCfg = Release|Any CPU
        {6B59D192-82C6-4627-9AEC-7F73C4667274}.Release|Any CPU.Build.0 = Release|Any CPU
        {A2F9E047-7397-4A1A-B5F3-224D84F64D92}.Debug|Any CPU.ActiveCfg = Debug|Any CPU
        {A2F9E047-7397-4A1A-B5F3-224D84F64D92}.Debug|Any CPU.Build.0 = Debug|Any CPU
        {A2F9E047-7397-4A1A-B5F3-224D84F64D92}.Release|Any CPU.ActiveCfg = Release|Any CPU
        {A2F9E047-7397-4A1A-B5F3-224D84F64D92}.Release|Any CPU.Build.0 = Release|Any CPU
    EndGlobalSection
EndGlobal
